
Microsoft Visual Studio Solution File, Format Version 12.00
# Visual Studio Version 17
VisualStudioVersion = 17.7.34031.279
MinimumVisualStudioVersion = 10.0.40219.1
Project("{FAE04EC0-301F-11D3-BF4B-00C04F79EFBC}") = "QL_ThongTinTuyenDung_NoSQL", "QL_ThongTinTuyenDung_NoSQL\QL_ThongTinTuyenDung_NoSQL.csproj", "{BAC21358-B129-4ED1-A162-67A4C793FBDA}"
EndProject
Global
	GlobalSection(SolutionConfigurationPlatforms) = preSolution
		Debug|Any CPU = Debug|Any CPU
		Release|Any CPU = Release|Any CPU
	EndGlobalSection
	GlobalSection(ProjectConfigurationPlatforms) = postSolution
		{BAC21358-B129-4ED1-A162-67A4C793FBDA}.Debug|Any CPU.ActiveCfg = Debug|Any CPU
		{BAC21358-B129-4ED1-A162-67A4C793FBDA}.Debug|Any CPU.Build.0 = Debug|Any CPU
		{BAC21358-B129-4ED1-A162-67A4C793FBDA}.Release|Any CPU.ActiveCfg = Release|Any CPU
		{BAC21358-B129-4ED1-A162-67A4C793FBDA}.Release|Any CPU.Build.0 = Release|Any CPU
	EndGlobalSection
	GlobalSection(SolutionProperties) = preSolution
		HideSolutionNode = FALSE
	EndGlobalSection
	GlobalSection(ExtensibilityGlobals) = postSolution
		SolutionGuid = {C3D5C0A0-8365-4BEC-84FA-F5B00340ED1C}
	EndGlobalSection
EndGlobal
